{
  "nodes": {
    "flakeNimbleLib": {
      "inputs": {
        "nixpkgs": [
          "nixpkgs"
        ]
      },
      "locked": {
        "lastModified": 1662018438,
        "narHash": "sha256-QtNtU6+LX3Wokxf0zlFwKTFOcn6TeDjKQZ+DA9OYtvM=",
        "owner": "riinr",
        "repo": "nim-flakes-lib",
        "rev": "b1fe8340736e3a85d25c709ac3dfd82a55c03cbf",
        "type": "github"
      },
      "original": {
        "owner": "riinr",
        "ref": "master",
        "repo": "nim-flakes-lib",
        "type": "github"
      }
    },
    "list_comprehension-master": {
      "inputs": {
        "flakeNimbleLib": [
          "flakeNimbleLib"
        ],
        "nixpkgs": [
          "nixpkgs"
        ],
        "src-list_comprehension-master": "src-list_comprehension-master"
      },
      "locked": {
        "dir": "master",
        "lastModified": 1662254583,
        "narHash": "sha256-kVoKTqVuj29KMSaeyqIAD3Raj/ffL5kMFXvQN8VZZC8=",
        "owner": "nim-nix-pkgs",
        "repo": "list_comprehension",
        "rev": "6edfce025ab4fa7a8ca989112614980b9d5be9f2",
        "type": "github"
      },
      "original": {
        "dir": "master",
        "owner": "nim-nix-pkgs",
        "ref": "master",
        "repo": "list_comprehension",
        "type": "github"
      }
    },
    "nixpkgs": {
      "locked": {
        "lastModified": 1667110639,
        "narHash": "sha256-4FbPESZ5LbqQxkJJJBAfk/zKgF9h/4kyUwjjpJwYlbc=",
        "owner": "NixOS",
        "repo": "nixpkgs",
        "rev": "f38a1f04d1bec1feb61fd101a0539ae2002a7087",
        "type": "github"
      },
      "original": {
        "id": "nixpkgs",
        "type": "indirect"
      }
    },
    "root": {
      "inputs": {
        "flakeNimbleLib": "flakeNimbleLib",
        "list_comprehension-master": "list_comprehension-master",
        "nixpkgs": "nixpkgs"
      }
    },
    "src-list_comprehension-master": {
      "flake": false,
      "locked": {
        "dir": "lc",
        "lastModified": 1575184370,
        "narHash": "sha256-7Z6gJF+xQybtH77senj1R9a4APhtWH3QzDqSZPNrz0w=",
        "owner": "nim-lang",
        "repo": "graveyard",
        "rev": "c6a627c07abcc2eb040be2a6cc809f2ef1aecb78",
        "type": "github"
      },
      "original": {
        "dir": "lc",
        "owner": "nim-lang",
        "ref": "refs/heads/master",
        "repo": "graveyard",
        "type": "github"
      }
    }
  },
  "root": "root",
  "version": 7
}
