{
  "nodes": {
    "flakeNimbleLib": {
      "inputs": {
        "nixpkgs": [
          "nixpkgs"
        ]
      },
      "locked": {
        "lastModified": 1662018438,
        "narHash": "sha256-QtNtU6+LX3Wokxf0zlFwKTFOcn6TeDjKQZ+DA9OYtvM=",
        "owner": "riinr",
        "repo": "nim-flakes-lib",
        "rev": "b1fe8340736e3a85d25c709ac3dfd82a55c03cbf",
        "type": "github"
      },
      "original": {
        "owner": "riinr",
        "ref": "master",
        "repo": "nim-flakes-lib",
        "type": "github"
      }
    },
    "list_comprehension-master": {
      "inputs": {
        "flakeNimbleLib": [
          "flakeNimbleLib"
        ],
        "nixpkgs": [
          "nixpkgs"
        ],
        "src-list_comprehension-master": "src-list_comprehension-master"
      },
      "locked": {
        "dir": "master",
        "lastModified": 1667322402,
        "narHash": "sha256-9as6Fw/7u5hVp7Q24e264/4Y6enIl3ThODDdmcI0JCY=",
        "owner": "nim-nix-pkgs",
        "repo": "list_comprehension",
        "rev": "1fe2365a7b18c31be05dc1e0eaca0262027136ed",
        "type": "github"
      },
      "original": {
        "dir": "master",
        "owner": "nim-nix-pkgs",
        "ref": "master",
        "repo": "list_comprehension",
        "type": "github"
      }
    },
    "nixpkgs": {
      "locked": {
        "lastModified": 1667199707,
        "narHash": "sha256-I2Js3Y7gUyVSEXPULHlBoRek4Lh85vnevdS6mdvDNLI=",
        "owner": "NixOS",
        "repo": "nixpkgs",
        "rev": "ced197be72099edcfa68ebed8b87af7b04851f45",
        "type": "github"
      },
      "original": {
        "id": "nixpkgs",
        "type": "indirect"
      }
    },
    "root": {
      "inputs": {
        "flakeNimbleLib": "flakeNimbleLib",
        "list_comprehension-master": "list_comprehension-master",
        "nixpkgs": "nixpkgs"
      }
    },
    "src-list_comprehension-master": {
      "flake": false,
      "locked": {
        "dir": "lc",
        "lastModified": 1575184370,
        "narHash": "sha256-7Z6gJF+xQybtH77senj1R9a4APhtWH3QzDqSZPNrz0w=",
        "owner": "nim-lang",
        "repo": "graveyard",
        "rev": "c6a627c07abcc2eb040be2a6cc809f2ef1aecb78",
        "type": "github"
      },
      "original": {
        "dir": "lc",
        "owner": "nim-lang",
        "ref": "refs/heads/master",
        "repo": "graveyard",
        "type": "github"
      }
    }
  },
  "root": "root",
  "version": 7
}
